PODS:
  - Cartography (4.0.0)
  - FocusTvButton (3.0.0)
  - TvOSPinKeyboard (2.0.0):
    - Cartography (~> 4.0.0)
    - FocusTvButton (~> 3.0.0)

DEPENDENCIES:
  - TvOSPinKeyboard (from `..`)

SPEC REPOS:
  https://github.com/CocoaPods/Specs.git:
    - Cartography
    - FocusTvButton

EXTERNAL SOURCES:
  TvOSPinKeyboard:
    :path: ".."

SPEC CHECKSUMS:
  Cartography: c5626d29056b20f1e95c017326ee4df57cc39ad8
  FocusTvButton: 028a088a4a0ac382f2e3c0c45dbd2a420dee98af
  TvOSPinKeyboard: 4f9e3818064cd6a931b021d6ea27caaa51e817f1

PODFILE CHECKSUM: 49f6d32eb08ef7bbd4e3d5b84f30ea450f8e2179

COCOAPODS: 1.8.4
